
Microsoft Visual Studio Solution File, Format Version 12.00
# Visual Studio Version 16
VisualStudioVersion = 16.0.30717.126
MinimumVisualStudioVersion = 10.0.40219.1
Project("{9A19103F-16F7-4668-BE54-9A1E7A4F7556}") = "MLPScratch", "MLPScratch.csproj", "{1B5DE2E0-2EA6-4574-B175-3915E6EE2088}"
EndProject
Global
	GlobalSection(SolutionConfigurationPlatforms) = preSolution
		Debug|Any CPU = Debug|Any CPU
		Release|Any CPU = Release|Any CPU
	EndGlobalSection
	GlobalSection(ProjectConfigurationPlatforms) = postSolution
		{1B5DE2E0-2EA6-4574-B175-3915E6EE2088}.Debug|Any CPU.ActiveCfg = Debug|Any CPU
		{1B5DE2E0-2EA6-4574-B175-3915E6EE2088}.Debug|Any CPU.Build.0 = Debug|Any CPU
		{1B5DE2E0-2EA6-4574-B175-3915E6EE2088}.Release|Any CPU.ActiveCfg = Release|Any CPU
		{1B5DE2E0-2EA6-4574-B175-3915E6EE2088}.Release|Any CPU.Build.0 = Release|Any CPU
	EndGlobalSection
	GlobalSection(SolutionProperties) = preSolution
		HideSolutionNode = FALSE
	EndGlobalSection
	GlobalSection(ExtensibilityGlobals) = postSolution
		SolutionGuid = {023FA576-11B5-481D-A853-06F607C60D19}
	EndGlobalSection
EndGlobal
